github.com/0magnet/img2txt-go v0.0.0 h1:k+3AFB5j1HhXDqcGsZMW+6/CDl8ezAmaD8D0MeOkrW4=
github.com/0magnet/img2txt-go v0.0.0/go.mod h1:LpURwrbNPAy3CrbhLgVw4ROogaDCRmpu7ZKQwNt2v7Q=
golang.org/x/image v0.47.0 h1:za/8gVz++PPZqmZJBNSISICN5Rrj5zixP/8K++fgmqo=
golang.org/x/image v0.47.0/go.mod h1:IkN5o4A7vq55vXN8FWjjnhg9Rs2GOtffqsSi9mWAKYE=
