github.com/0magnet/img2txt-go v0.0.0-20260908184618-c36a40322de2 h1:o+EmlrJ4ksGcUVpdxNVmjlEyPglPG7OBmGQGEnPIPMA=
github.com/0magnet/img2txt-go v0.0.0-20260908184618-c36a40322de2/go.mod h1:LpURwrbNPAy3CrbhLgVw4ROogaDCRmpu7ZKQwNt2v7Q=
golang.org/x/image v0.46.0 h1:b1+oYj0Jbp6K5MDT4i4/eZpYlk3V8SJhhDKh6LBHAyQ=
golang.org/x/image v0.46.0/go.mod h1:3B3W05VGVQyuXucLINLjXKrqISASfi4Xj+iCVkLMwew=
